
Microsoft Visual Studio Solution File, Format Version 12.00
# Visual Studio 15
VisualStudioVersion = 15.0.27004.2010
MinimumVisualStudioVersion = 10.0.40219.1
Project("{FAE04EC0-301F-11D3-BF4B-00C04F79EFBC}") = "ServoControlCamera", "ServoControlCamera\ServoControlCamera.csproj", "{6C0B0F12-E07E-4F88-88B4-389A90E33355}"
EndProject
Global
	GlobalSection(SolutionConfigurationPlatforms) = preSolution
		Debug|Any CPU = Debug|Any CPU
		Release|Any CPU = Release|Any CPU
	EndGlobalSection
	GlobalSection(ProjectConfigurationPlatforms) = postSolution
		{6C0B0F12-E07E-4F88-88B4-389A90E33355}.Debug|Any CPU.ActiveCfg = Debug|Any CPU
		{6C0B0F12-E07E-4F88-88B4-389A90E33355}.Debug|Any CPU.Build.0 = Debug|Any CPU
		{6C0B0F12-E07E-4F88-88B4-389A90E33355}.Release|Any CPU.ActiveCfg = Release|Any CPU
		{6C0B0F12-E07E-4F88-88B4-389A90E33355}.Release|Any CPU.Build.0 = Release|Any CPU
	EndGlobalSection
	GlobalSection(SolutionProperties) = preSolution
		HideSolutionNode = FALSE
	EndGlobalSection
	GlobalSection(ExtensibilityGlobals) = postSolution
		SolutionGuid = {572F9E64-56C8-4943-9F94-69EF09621398}
	EndGlobalSection
EndGlobal
